
Microsoft Visual Studio Solution File, Format Version 12.00
# Visual Studio Version 16
VisualStudioVersion = 16.0.31105.61
MinimumVisualStudioVersion = 10.0.40219.1
Project("{F184B08F-C81C-45F6-A57F-5ABD9991F28F}") = "BdUsuario", "BdUsuario\BdUsuario.vbproj", "{34F611EF-223F-433E-B828-665EF64B42F2}"
EndProject
Global
	GlobalSection(SolutionConfigurationPlatforms) = preSolution
		Debug|Any CPU = Debug|Any CPU
		Release|Any CPU = Release|Any CPU
	EndGlobalSection
	GlobalSection(ProjectConfigurationPlatforms) = postSolution
		{34F611EF-223F-433E-B828-665EF64B42F2}.Debug|Any CPU.ActiveCfg = Debug|Any CPU
		{34F611EF-223F-433E-B828-665EF64B42F2}.Debug|Any CPU.Build.0 = Debug|Any CPU
		{34F611EF-223F-433E-B828-665EF64B42F2}.Release|Any CPU.ActiveCfg = Release|Any CPU
		{34F611EF-223F-433E-B828-665EF64B42F2}.Release|Any CPU.Build.0 = Release|Any CPU
	EndGlobalSection
	GlobalSection(SolutionProperties) = preSolution
		HideSolutionNode = FALSE
	EndGlobalSection
	GlobalSection(ExtensibilityGlobals) = postSolution
		SolutionGuid = {4291BF5A-0309-412B-9FF6-AD11C6D493FB}
	EndGlobalSection
EndGlobal
