
Microsoft Visual Studio Solution File, Format Version 12.00
# Visual Studio Version 16
VisualStudioVersion = 16.0.31105.61
MinimumVisualStudioVersion = 10.0.40219.1
Project("{F184B08F-C81C-45F6-A57F-5ABD9991F28F}") = "ProjetoAnimal", "Animal\ProjetoAnimal.vbproj", "{4DE64388-AA94-40E9-96D3-97E62189B0F3}"
EndProject
Global
	GlobalSection(SolutionConfigurationPlatforms) = preSolution
		Debug|Any CPU = Debug|Any CPU
		Release|Any CPU = Release|Any CPU
	EndGlobalSection
	GlobalSection(ProjectConfigurationPlatforms) = postSolution
		{4DE64388-AA94-40E9-96D3-97E62189B0F3}.Debug|Any CPU.ActiveCfg = Debug|Any CPU
		{4DE64388-AA94-40E9-96D3-97E62189B0F3}.Debug|Any CPU.Build.0 = Debug|Any CPU
		{4DE64388-AA94-40E9-96D3-97E62189B0F3}.Release|Any CPU.ActiveCfg = Release|Any CPU
		{4DE64388-AA94-40E9-96D3-97E62189B0F3}.Release|Any CPU.Build.0 = Release|Any CPU
	EndGlobalSection
	GlobalSection(SolutionProperties) = preSolution
		HideSolutionNode = FALSE
	EndGlobalSection
	GlobalSection(ExtensibilityGlobals) = postSolution
		SolutionGuid = {C044AD35-2B61-43A1-AFD5-707E1A6B02FF}
	EndGlobalSection
EndGlobal
